<Solution>
  <Configurations>
    <Platform Name="x64" />
    <Platform Name="x86" />
  </Configurations>
  <Project Path="Engine/Engine.vcxproj" Id="b9b7aeb3-836d-40b9-9fb8-fb38ce430cc7" />
  <Project Path="Sandbox/Sandbox.vcxproj" Id="ded206c3-7f9d-47ed-8b4e-8a678fb8450d" />
  <Project Path="ThirdParties/DirectXTK-main/DirectXTK_Desktop_2022.vcxproj" Id="e0b52ae7-e160-4d32-bf3f-910b785e5a8e" />
</Solution>
